
Microsoft Visual Studio Solution File, Format Version 12.00
# Visual Studio Version 16
VisualStudioVersion = 16.0.28729.10
MinimumVisualStudioVersion = 10.0.40219.1
Project("{2150E333-8FDC-42A3-9474-1A3956D46DE8}") = "WriteModel", "WriteModel", "{BFF3AD73-9D92-49B9-8580-4502ABA9E17A}"
EndProject
Project("{2150E333-8FDC-42A3-9474-1A3956D46DE8}") = "ReadModel", "ReadModel", "{734B602F-79D7-4190-8CD0-C904CE8D02AB}"
EndProject
Project("{2150E333-8FDC-42A3-9474-1A3956D46DE8}") = "Framework", "Framework", "{F7A7238A-27BD-4ABA-8A74-B71833213E7F}"
EndProject
Project("{2150E333-8FDC-42A3-9474-1A3956D46DE8}") = "CustomerContext", "CustomerContext", "{7F6C8AD8-D9C6-4EA7-91A3-382A666F77B1}"
EndProject
Project("{2150E333-8FDC-42A3-9474-1A3956D46DE8}") = "Domain", "Domain", "{40F2D6E1-DA3E-432A-910F-848C3F97006E}"
EndProject
Project("{9A19103F-16F7-4668-BE54-9A1E7A4F7556}") = "AhmadAghazadeh.Shop.CustomerContext.Domain", "AhmadAghazadeh.Shop.CustomerContext.Domain\AhmadAghazadeh.Shop.CustomerContext.Domain.csproj", "{228E3273-3BE1-418A-A45D-DBE168A3B6AD}"
EndProject
Project("{2150E333-8FDC-42A3-9474-1A3956D46DE8}") = "Solution Items", "Solution Items", "{6038D4EA-7FF3-4BF6-8CD4-CA4953C405A4}"
	ProjectSection(SolutionItems) = preProject
		.editorconfig = .editorconfig
	EndProjectSection
EndProject
Project("{9A19103F-16F7-4668-BE54-9A1E7A4F7556}") = "AhmadAghazadeh.Framework.Domain", "AhmadAghazadeh.Framework.Domain\AhmadAghazadeh.Framework.Domain.csproj", "{B8505C62-26D3-4CC3-8DE6-EF83C0B0192E}"
EndProject
Project("{9A19103F-16F7-4668-BE54-9A1E7A4F7556}") = "AhmadAghazadeh.Shop.CustomerContext.Resources", "AhmadAghazadeh.shop.CustomerContext.Resources\AhmadAghazadeh.Shop.CustomerContext.Resources.csproj", "{0442C2C5-C08A-4EA3-B6D1-87DC1EABF9D9}"
EndProject
Project("{9A19103F-16F7-4668-BE54-9A1E7A4F7556}") = "AhmadAghazadeh.Framework.Security", "AhmadAghazadeh.Framework.Security\AhmadAghazadeh.Framework.Security.csproj", "{4113699B-00BA-441E-9C91-9D3E19CB3619}"
EndProject
Project("{9A19103F-16F7-4668-BE54-9A1E7A4F7556}") = "AhmadAghazadeh.Framework.Core", "Ahmad.Aghazadeh.Framework.Core\AhmadAghazadeh.Framework.Core.csproj", "{3C79F28C-F577-457E-9D9C-FE4B5972B8E5}"
EndProject
Project("{2150E333-8FDC-42A3-9474-1A3956D46DE8}") = "ApplicationService", "ApplicationService", "{8AC4F1B2-27B7-46A0-8B90-5531A0D2DA40}"
EndProject
Project("{9A19103F-16F7-4668-BE54-9A1E7A4F7556}") = "AhmadAghazadeh.Shop.CustomerContext.Application", "AhmadAghazadeh.Shop.CustomerContext.Apllication\AhmadAghazadeh.Shop.CustomerContext.Application.csproj", "{9311F8DC-8F78-4F6A-A4C4-4DA6AD063B9B}"
EndProject
Project("{9A19103F-16F7-4668-BE54-9A1E7A4F7556}") = "AhmadAghazadeh.Shop.CustomerContext.Application.Contracts", "AhmadAghazadeh.Shop.CustomerContext.Application.Contracts\AhmadAghazadeh.Shop.CustomerContext.Application.Contracts.csproj", "{7F4A9B44-04C3-4D88-B3CD-F92FFBF432B1}"
EndProject
Project("{9A19103F-16F7-4668-BE54-9A1E7A4F7556}") = "AhmadAghazadeh.Framework.Application", "AhmadAghazadeh.Framework.Application\AhmadAghazadeh.Framework.Application.csproj", "{22C261B2-3FC3-4C1B-9FDD-2343434FE78E}"
EndProject
Project("{9A19103F-16F7-4668-BE54-9A1E7A4F7556}") = "AhmadAghazadeh.Framework.DependencyInjection", "AhmadAghazadeh.Framework.DependencyInjection\AhmadAghazadeh.Framework.DependencyInjection.csproj", "{2B35328D-AD1A-4C55-9406-3D29B1253BCC}"
EndProject
Project("{2150E333-8FDC-42A3-9474-1A3956D46DE8}") = "Facade", "Facade", "{0C367D49-0708-49DC-B212-29BCB9826177}"
EndProject
Project("{9A19103F-16F7-4668-BE54-9A1E7A4F7556}") = "AhmadAghazadeh.Shop.CustomerContext.Facade", "AhmadAghazadeh.Shop.CustomerContext.Facade\AhmadAghazadeh.Shop.CustomerContext.Facade.csproj", "{B00B33CD-3B6C-46C8-A41B-D9FBD211D27E}"
EndProject
Project("{9A19103F-16F7-4668-BE54-9A1E7A4F7556}") = "AhmadAghazadeh.Framework.Facade", "AhmadAghazadeh.Framework.Facade\AhmadAghazadeh.Framework.Facade.csproj", "{B0C3E257-0C23-4C9F-A5E4-D2BDD6395620}"
EndProject
Project("{9A19103F-16F7-4668-BE54-9A1E7A4F7556}") = "AhmadAghazadeh.Shop.CustomerContext.Facade.Contracts", "AhmadAghazadeh.Shop.CustomerContext.Facade.Contracts\AhmadAghazadeh.Shop.CustomerContext.Facade.Contracts.csproj", "{BEEAA13C-9495-41B0-A936-C4C9DFAD5B09}"
EndProject
Project("{9A19103F-16F7-4668-BE54-9A1E7A4F7556}") = "AhmadAghazadeh.Shop.CustomerContext.Configuration", "AhmadAghazadeh.Shop.CustomerContext.Configuration\AhmadAghazadeh.Shop.CustomerContext.Configuration.csproj", "{E9878478-83BA-4185-AD95-BC02D517DB29}"
EndProject
Project("{9A19103F-16F7-4668-BE54-9A1E7A4F7556}") = "AhmadAghazadeh.Shop.CustomerContext.Domain.Services", "AhmadAghazadeh.Shop.CustomerContext.Domain.Services\AhmadAghazadeh.Shop.CustomerContext.Domain.Services.csproj", "{B134A68C-80A6-4635-AC38-3479C6218D2F}"
EndProject
Project("{2150E333-8FDC-42A3-9474-1A3956D46DE8}") = "Infrastructure", "Infrastructure", "{7589D68D-4C82-4553-BD3A-7C6A51E60997}"
EndProject
Project("{9A19103F-16F7-4668-BE54-9A1E7A4F7556}") = "AhmadAghazadeh.Shop.CustomerContext.Infrastructure.Persistence", "AhmadAghazadeh.Shop.Customer.Infrastructure.Persistence\AhmadAghazadeh.Shop.CustomerContext.Infrastructure.Persistence.csproj", "{34C7EA64-4AD8-4235-AAE0-3EE9F5F38D70}"
EndProject
Project("{9A19103F-16F7-4668-BE54-9A1E7A4F7556}") = "AhmadAghazadeh.Framework.Persistence", "AhmadAghazadeh.Framework.Persistence\AhmadAghazadeh.Framework.Persistence.csproj", "{B68B3764-5212-4F2F-85D0-894447BF9C16}"
EndProject
Project("{9A19103F-16F7-4668-BE54-9A1E7A4F7556}") = "AhmadAghazadeh.Shop.Persistence", "AhmadAghazadeh.Shop.Persistence\AhmadAghazadeh.Shop.Persistence.csproj", "{5C487486-596C-42A3-8953-A96F0BCF57D4}"
EndProject
Project("{9A19103F-16F7-4668-BE54-9A1E7A4F7556}") = "AhmadAghazadeh.Framework.AssemblyHelper", "AhmadAghazadeh.Framework.AssemblyHelper\AhmadAghazadeh.Framework.AssemblyHelper.csproj", "{96E85F4A-DE14-4404-8FB4-F62874365A0B}"
EndProject
Project("{2150E333-8FDC-42A3-9474-1A3956D46DE8}") = "WebSite", "WebSite", "{25970E5E-A0A5-404B-9B9C-30E2179AB839}"
EndProject
Project("{9A19103F-16F7-4668-BE54-9A1E7A4F7556}") = "Shop", "Shop\Shop.csproj", "{87761419-AE2B-42EF-B321-F2427EA84E42}"
EndProject
Project("{2150E333-8FDC-42A3-9474-1A3956D46DE8}") = "Test", "Test", "{64B0D7A6-12EC-49AB-A445-0F57D5BE22B8}"
EndProject
Project("{9A19103F-16F7-4668-BE54-9A1E7A4F7556}") = "AhmadAghazadeh.Shop.Persistence.Test", "AhmadAghazadeh.Shop.Persistence.Test\AhmadAghazadeh.Shop.Persistence.Test.csproj", "{B4025298-FCCC-4C0D-ABE6-688B3B177882}"
EndProject
Project("{9A19103F-16F7-4668-BE54-9A1E7A4F7556}") = "AhmadAghazadeh.Shop.ReadModel.Database", "AhmadAghazadeh.Shop.ReadModel.Database\AhmadAghazadeh.Shop.ReadModel.Database.csproj", "{664AC8AC-3437-4CD0-B5A6-89559B456A53}"
EndProject
Project("{9A19103F-16F7-4668-BE54-9A1E7A4F7556}") = "AhmadAghazadeh.Shop.ReadModel.Query.Facade", "AhmadAghazadeh.Shop.ReadModel.Facade\AhmadAghazadeh.Shop.ReadModel.Query.Facade.csproj", "{1FD6A653-FE7E-4316-B28B-5065D072483B}"
EndProject
Project("{9A19103F-16F7-4668-BE54-9A1E7A4F7556}") = "AhmadAghazadeh.Shop.ReadModel.Query.Facade.Contracts", "AhmadAghazadeh.Shop.ReadModel.Facade.Contracts\AhmadAghazadeh.Shop.ReadModel.Query.Facade.Contracts.csproj", "{194A92EC-93B2-426C-8637-3F600E3354F7}"
EndProject
Project("{2150E333-8FDC-42A3-9474-1A3956D46DE8}") = "OrderContext", "OrderContext", "{EA0D171F-8C03-47F7-8BBE-A864B0E78C18}"
EndProject
Project("{2150E333-8FDC-42A3-9474-1A3956D46DE8}") = "Domain", "Domain", "{F12445AF-DC31-4E64-99E6-3B3AEC1B5EAD}"
EndProject
Project("{9A19103F-16F7-4668-BE54-9A1E7A4F7556}") = "AhmadAghazadeh.Shop.OrderContext.Domain", "AhmadAghazadeh.Shop.OrderContext.Domain\AhmadAghazadeh.Shop.OrderContext.Domain.csproj", "{96CCB5F1-8A9F-45E6-B2FE-C4B754581F24}"
EndProject
Project("{9A19103F-16F7-4668-BE54-9A1E7A4F7556}") = "AhmadAghazadeh.Shop.OrderContext.Domain.Services", "AhmadAghazadeh.Shop.OrderContext.Domain.Services\AhmadAghazadeh.Shop.OrderContext.Domain.Services.csproj", "{D7BDE788-7DB8-4684-B3A2-111C28B3DC22}"
EndProject
Project("{2150E333-8FDC-42A3-9474-1A3956D46DE8}") = "Facade", "Facade", "{1B61EDF4-B9E2-419B-A647-CCC46A930205}"
EndProject
Project("{9A19103F-16F7-4668-BE54-9A1E7A4F7556}") = "AhmadAghazadeh.Shop.OrderContext.Facade", "AhmadAghazadeh.Shop.OrderContext.Facade\AhmadAghazadeh.Shop.OrderContext.Facade.csproj", "{C0300694-3426-4A39-BB18-D9AFF0D24B8B}"
EndProject
Project("{9A19103F-16F7-4668-BE54-9A1E7A4F7556}") = "AhmadAghazadeh.Shop.OrderContext.Facade.Contracts", "AhmadAghazadeh.Shop.OrderContext.Facade.Contracts\AhmadAghazadeh.Shop.OrderContext.Facade.Contracts.csproj", "{1F04568E-971A-4082-8010-D66E2C1369EC}"
EndProject
Project("{9A19103F-16F7-4668-BE54-9A1E7A4F7556}") = "AhmadAghazadeh.Shop.OrderContext.Resources", "AhmadAghazadeh.Shop.OrderContext.Resources\AhmadAghazadeh.Shop.OrderContext.Resources.csproj", "{F49D9836-66C7-49C4-98FF-564239F44101}"
EndProject
Project("{2150E333-8FDC-42A3-9474-1A3956D46DE8}") = "ApplicationService", "ApplicationService", "{53130874-B672-4168-8FE8-72621C45F3F6}"
EndProject
Project("{9A19103F-16F7-4668-BE54-9A1E7A4F7556}") = "AhmadAghazadeh.Shop.OrderContext.Application", "AhmadAghazadeh.Shop.OrderContext.Application\AhmadAghazadeh.Shop.OrderContext.Application.csproj", "{B446982F-8642-43AF-A505-1E94CA8EF07E}"
EndProject
Project("{9A19103F-16F7-4668-BE54-9A1E7A4F7556}") = "AhmadAghazadeh.Shop.OrderContext.Application.Contracts", "AhmadAghazadeh.Shop.OrderContext.Application.Contracts\AhmadAghazadeh.Shop.OrderContext.Application.Contracts.csproj", "{255D5D23-A04A-4D9F-B86C-39C0F5E46067}"
EndProject
Project("{2150E333-8FDC-42A3-9474-1A3956D46DE8}") = "Infrastructure", "Infrastructure", "{12C2F8A6-A18B-434F-BA6C-3E9890676D83}"
EndProject
Project("{9A19103F-16F7-4668-BE54-9A1E7A4F7556}") = "AhmadAghazadeh.Shop.OrderContext.Infrastructure.Persistence", "AhmadAghazadeh.Shop.OrderContext.Infrastructure.Persistence\AhmadAghazadeh.Shop.OrderContext.Infrastructure.Persistence.csproj", "{9FFD87C6-B9A6-4C50-8621-20B1B8180999}"
EndProject
Project("{9A19103F-16F7-4668-BE54-9A1E7A4F7556}") = "AhmadAghazadeh.Shop.OrderContext.Domain.Contracts", "AhmadAghazadeh.Shop.OrderContext.Domain.Contracts\AhmadAghazadeh.Shop.OrderContext.Domain.Contracts.csproj", "{BF298842-4281-4773-9A78-064EF99D20C7}"
EndProject
Project("{9A19103F-16F7-4668-BE54-9A1E7A4F7556}") = "AhmadAghazadeh.Framework.EventBus", "AhmadAghazadeh.Framework.EventBus\AhmadAghazadeh.Framework.EventBus.csproj", "{9399139B-5825-48B5-9CCE-599C126972A1}"
EndProject
Project("{2150E333-8FDC-42A3-9474-1A3956D46DE8}") = "API", "API", "{D67F0C4C-9B29-4CE0-809A-B3BE846867CD}"
EndProject
Project("{FAE04EC0-301F-11D3-BF4B-00C04F79EFBC}") = "AhmadAghazadeh.Shop.Api", "AhmadAghazadeh.Shop.Api\AhmadAghazadeh.Shop.Api.csproj", "{6921A68C-F393-4950-B9D2-ADB77E01CACD}"
EndProject
Global
	GlobalSection(SolutionConfigurationPlatforms) = preSolution
		Debug|Any CPU = Debug|Any CPU
		Release|Any CPU = Release|Any CPU
	EndGlobalSection
	GlobalSection(ProjectConfigurationPlatforms) = postSolution
		{228E3273-3BE1-418A-A45D-DBE168A3B6AD}.Debug|Any CPU.ActiveCfg = Debug|Any CPU
		{228E3273-3BE1-418A-A45D-DBE168A3B6AD}.Debug|Any CPU.Build.0 = Debug|Any CPU
		{228E3273-3BE1-418A-A45D-DBE168A3B6AD}.Release|Any CPU.ActiveCfg = Release|Any CPU
		{228E3273-3BE1-418A-A45D-DBE168A3B6AD}.Release|Any CPU.Build.0 = Release|Any CPU
		{B8505C62-26D3-4CC3-8DE6-EF83C0B0192E}.Debug|Any CPU.ActiveCfg = Debug|Any CPU
		{B8505C62-26D3-4CC3-8DE6-EF83C0B0192E}.Debug|Any CPU.Build.0 = Debug|Any CPU
		{B8505C62-26D3-4CC3-8DE6-EF83C0B0192E}.Release|Any CPU.ActiveCfg = Release|Any CPU
		{B8505C62-26D3-4CC3-8DE6-EF83C0B0192E}.Release|Any CPU.Build.0 = Release|Any CPU
		{0442C2C5-C08A-4EA3-B6D1-87DC1EABF9D9}.Debug|Any CPU.ActiveCfg = Debug|Any CPU
		{0442C2C5-C08A-4EA3-B6D1-87DC1EABF9D9}.Debug|Any CPU.Build.0 = Debug|Any CPU
		{0442C2C5-C08A-4EA3-B6D1-87DC1EABF9D9}.Release|Any CPU.ActiveCfg = Release|Any CPU
		{0442C2C5-C08A-4EA3-B6D1-87DC1EABF9D9}.Release|Any CPU.Build.0 = Release|Any CPU
		{4113699B-00BA-441E-9C91-9D3E19CB3619}.Debug|Any CPU.ActiveCfg = Debug|Any CPU
		{4113699B-00BA-441E-9C91-9D3E19CB3619}.Debug|Any CPU.Build.0 = Debug|Any CPU
		{4113699B-00BA-441E-9C91-9D3E19CB3619}.Release|Any CPU.ActiveCfg = Release|Any CPU
		{4113699B-00BA-441E-9C91-9D3E19CB3619}.Release|Any CPU.Build.0 = Release|Any CPU
		{3C79F28C-F577-457E-9D9C-FE4B5972B8E5}.Debug|Any CPU.ActiveCfg = Debug|Any CPU
		{3C79F28C-F577-457E-9D9C-FE4B5972B8E5}.Debug|Any CPU.Build.0 = Debug|Any CPU
		{3C79F28C-F577-457E-9D9C-FE4B5972B8E5}.Release|Any CPU.ActiveCfg = Release|Any CPU
		{3C79F28C-F577-457E-9D9C-FE4B5972B8E5}.Release|Any CPU.Build.0 = Release|Any CPU
		{9311F8DC-8F78-4F6A-A4C4-4DA6AD063B9B}.Debug|Any CPU.ActiveCfg = Debug|Any CPU
		{9311F8DC-8F78-4F6A-A4C4-4DA6AD063B9B}.Debug|Any CPU.Build.0 = Debug|Any CPU
		{9311F8DC-8F78-4F6A-A4C4-4DA6AD063B9B}.Release|Any CPU.ActiveCfg = Release|Any CPU
		{9311F8DC-8F78-4F6A-A4C4-4DA6AD063B9B}.Release|Any CPU.Build.0 = Release|Any CPU
		{7F4A9B44-04C3-4D88-B3CD-F92FFBF432B1}.Debug|Any CPU.ActiveCfg = Debug|Any CPU
		{7F4A9B44-04C3-4D88-B3CD-F92FFBF432B1}.Debug|Any CPU.Build.0 = Debug|Any CPU
		{7F4A9B44-04C3-4D88-B3CD-F92FFBF432B1}.Release|Any CPU.ActiveCfg = Release|Any CPU
		{7F4A9B44-04C3-4D88-B3CD-F92FFBF432B1}.Release|Any CPU.Build.0 = Release|Any CPU
		{22C261B2-3FC3-4C1B-9FDD-2343434FE78E}.Debug|Any CPU.ActiveCfg = Debug|Any CPU
		{22C261B2-3FC3-4C1B-9FDD-2343434FE78E}.Debug|Any CPU.Build.0 = Debug|Any CPU
		{22C261B2-3FC3-4C1B-9FDD-2343434FE78E}.Release|Any CPU.ActiveCfg = Release|Any CPU
		{22C261B2-3FC3-4C1B-9FDD-2343434FE78E}.Release|Any CPU.Build.0 = Release|Any CPU
		{2B35328D-AD1A-4C55-9406-3D29B1253BCC}.Debug|Any CPU.ActiveCfg = Debug|Any CPU
		{2B35328D-AD1A-4C55-9406-3D29B1253BCC}.Debug|Any CPU.Build.0 = Debug|Any CPU
		{2B35328D-AD1A-4C55-9406-3D29B1253BCC}.Release|Any CPU.ActiveCfg = Release|Any CPU
		{2B35328D-AD1A-4C55-9406-3D29B1253BCC}.Release|Any CPU.Build.0 = Release|Any CPU
		{B00B33CD-3B6C-46C8-A41B-D9FBD211D27E}.Debug|Any CPU.ActiveCfg = Debug|Any CPU
		{B00B33CD-3B6C-46C8-A41B-D9FBD211D27E}.Debug|Any CPU.Build.0 = Debug|Any CPU
		{B00B33CD-3B6C-46C8-A41B-D9FBD211D27E}.Release|Any CPU.ActiveCfg = Release|Any CPU
		{B00B33CD-3B6C-46C8-A41B-D9FBD211D27E}.Release|Any CPU.Build.0 = Release|Any CPU
		{B0C3E257-0C23-4C9F-A5E4-D2BDD6395620}.Debug|Any CPU.ActiveCfg = Debug|Any CPU
		{B0C3E257-0C23-4C9F-A5E4-D2BDD6395620}.Debug|Any CPU.Build.0 = Debug|Any CPU
		{B0C3E257-0C23-4C9F-A5E4-D2BDD6395620}.Release|Any CPU.ActiveCfg = Release|Any CPU
		{B0C3E257-0C23-4C9F-A5E4-D2BDD6395620}.Release|Any CPU.Build.0 = Release|Any CPU
		{BEEAA13C-9495-41B0-A936-C4C9DFAD5B09}.Debug|Any CPU.ActiveCfg = Debug|Any CPU
		{BEEAA13C-9495-41B0-A936-C4C9DFAD5B09}.Debug|Any CPU.Build.0 = Debug|Any CPU
		{BEEAA13C-9495-41B0-A936-C4C9DFAD5B09}.Release|Any CPU.ActiveCfg = Release|Any CPU
		{BEEAA13C-9495-41B0-A936-C4C9DFAD5B09}.Release|Any CPU.Build.0 = Release|Any CPU
		{E9878478-83BA-4185-AD95-BC02D517DB29}.Debug|Any CPU.ActiveCfg = Debug|Any CPU
		{E9878478-83BA-4185-AD95-BC02D517DB29}.Debug|Any CPU.Build.0 = Debug|Any CPU
		{E9878478-83BA-4185-AD95-BC02D517DB29}.Release|Any CPU.ActiveCfg = Release|Any CPU
		{E9878478-83BA-4185-AD95-BC02D517DB29}.Release|Any CPU.Build.0 = Release|Any CPU
		{B134A68C-80A6-4635-AC38-3479C6218D2F}.Debug|Any CPU.ActiveCfg = Debug|Any CPU
		{B134A68C-80A6-4635-AC38-3479C6218D2F}.Debug|Any CPU.Build.0 = Debug|Any CPU
		{B134A68C-80A6-4635-AC38-3479C6218D2F}.Release|Any CPU.ActiveCfg = Release|Any CPU
		{B134A68C-80A6-4635-AC38-3479C6218D2F}.Release|Any CPU.Build.0 = Release|Any CPU
		{34C7EA64-4AD8-4235-AAE0-3EE9F5F38D70}.Debug|Any CPU.ActiveCfg = Debug|Any CPU
		{34C7EA64-4AD8-4235-AAE0-3EE9F5F38D70}.Debug|Any CPU.Build.0 = Debug|Any CPU
		{34C7EA64-4AD8-4235-AAE0-3EE9F5F38D70}.Release|Any CPU.ActiveCfg = Release|Any CPU
		{34C7EA64-4AD8-4235-AAE0-3EE9F5F38D70}.Release|Any CPU.Build.0 = Release|Any CPU
		{B68B3764-5212-4F2F-85D0-894447BF9C16}.Debug|Any CPU.ActiveCfg = Debug|Any CPU
		{B68B3764-5212-4F2F-85D0-894447BF9C16}.Debug|Any CPU.Build.0 = Debug|Any CPU
		{B68B3764-5212-4F2F-85D0-894447BF9C16}.Release|Any CPU.ActiveCfg = Release|Any CPU
		{B68B3764-5212-4F2F-85D0-894447BF9C16}.Release|Any CPU.Build.0 = Release|Any CPU
		{5C487486-596C-42A3-8953-A96F0BCF57D4}.Debug|Any CPU.ActiveCfg = Debug|Any CPU
		{5C487486-596C-42A3-8953-A96F0BCF57D4}.Debug|Any CPU.Build.0 = Debug|Any CPU
		{5C487486-596C-42A3-8953-A96F0BCF57D4}.Release|Any CPU.ActiveCfg = Release|Any CPU
		{5C487486-596C-42A3-8953-A96F0BCF57D4}.Release|Any CPU.Build.0 = Release|Any CPU
		{96E85F4A-DE14-4404-8FB4-F62874365A0B}.Debug|Any CPU.ActiveCfg = Debug|Any CPU
		{96E85F4A-DE14-4404-8FB4-F62874365A0B}.Debug|Any CPU.Build.0 = Debug|Any CPU
		{96E85F4A-DE14-4404-8FB4-F62874365A0B}.Release|Any CPU.ActiveCfg = Release|Any CPU
		{96E85F4A-DE14-4404-8FB4-F62874365A0B}.Release|Any CPU.Build.0 = Release|Any CPU
		{87761419-AE2B-42EF-B321-F2427EA84E42}.Debug|Any CPU.ActiveCfg = Debug|Any CPU
		{87761419-AE2B-42EF-B321-F2427EA84E42}.Debug|Any CPU.Build.0 = Debug|Any CPU
		{87761419-AE2B-42EF-B321-F2427EA84E42}.Release|Any CPU.ActiveCfg = Release|Any CPU
		{87761419-AE2B-42EF-B321-F2427EA84E42}.Release|Any CPU.Build.0 = Release|Any CPU
		{B4025298-FCCC-4C0D-ABE6-688B3B177882}.Debug|Any CPU.ActiveCfg = Debug|Any CPU
		{B4025298-FCCC-4C0D-ABE6-688B3B177882}.Debug|Any CPU.Build.0 = Debug|Any CPU
		{B4025298-FCCC-4C0D-ABE6-688B3B177882}.Release|Any CPU.ActiveCfg = Release|Any CPU
		{B4025298-FCCC-4C0D-ABE6-688B3B177882}.Release|Any CPU.Build.0 = Release|Any CPU
		{664AC8AC-3437-4CD0-B5A6-89559B456A53}.Debug|Any CPU.ActiveCfg = Debug|Any CPU
		{664AC8AC-3437-4CD0-B5A6-89559B456A53}.Debug|Any CPU.Build.0 = Debug|Any CPU
		{664AC8AC-3437-4CD0-B5A6-89559B456A53}.Release|Any CPU.ActiveCfg = Release|Any CPU
		{664AC8AC-3437-4CD0-B5A6-89559B456A53}.Release|Any CPU.Build.0 = Release|Any CPU
		{1FD6A653-FE7E-4316-B28B-5065D072483B}.Debug|Any CPU.ActiveCfg = Debug|Any CPU
		{1FD6A653-FE7E-4316-B28B-5065D072483B}.Debug|Any CPU.Build.0 = Debug|Any CPU
		{1FD6A653-FE7E-4316-B28B-5065D072483B}.Release|Any CPU.ActiveCfg = Release|Any CPU
		{1FD6A653-FE7E-4316-B28B-5065D072483B}.Release|Any CPU.Build.0 = Release|Any CPU
		{194A92EC-93B2-426C-8637-3F600E3354F7}.Debug|Any CPU.ActiveCfg = Debug|Any CPU
		{194A92EC-93B2-426C-8637-3F600E3354F7}.Debug|Any CPU.Build.0 = Debug|Any CPU
		{194A92EC-93B2-426C-8637-3F600E3354F7}.Release|Any CPU.ActiveCfg = Release|Any CPU
		{194A92EC-93B2-426C-8637-3F600E3354F7}.Release|Any CPU.Build.0 = Release|Any CPU
		{96CCB5F1-8A9F-45E6-B2FE-C4B754581F24}.Debug|Any CPU.ActiveCfg = Debug|Any CPU
		{96CCB5F1-8A9F-45E6-B2FE-C4B754581F24}.Debug|Any CPU.Build.0 = Debug|Any CPU
		{96CCB5F1-8A9F-45E6-B2FE-C4B754581F24}.Release|Any CPU.ActiveCfg = Release|Any CPU
		{96CCB5F1-8A9F-45E6-B2FE-C4B754581F24}.Release|Any CPU.Build.0 = Release|Any CPU
		{D7BDE788-7DB8-4684-B3A2-111C28B3DC22}.Debug|Any CPU.ActiveCfg = Debug|Any CPU
		{D7BDE788-7DB8-4684-B3A2-111C28B3DC22}.Debug|Any CPU.Build.0 = Debug|Any CPU
		{D7BDE788-7DB8-4684-B3A2-111C28B3DC22}.Release|Any CPU.ActiveCfg = Release|Any CPU
		{D7BDE788-7DB8-4684-B3A2-111C28B3DC22}.Release|Any CPU.Build.0 = Release|Any CPU
		{C0300694-3426-4A39-BB18-D9AFF0D24B8B}.Debug|Any CPU.ActiveCfg = Debug|Any CPU
		{C0300694-3426-4A39-BB18-D9AFF0D24B8B}.Debug|Any CPU.Build.0 = Debug|Any CPU
		{C0300694-3426-4A39-BB18-D9AFF0D24B8B}.Release|Any CPU.ActiveCfg = Release|Any CPU
		{C0300694-3426-4A39-BB18-D9AFF0D24B8B}.Release|Any CPU.Build.0 = Release|Any CPU
		{1F04568E-971A-4082-8010-D66E2C1369EC}.Debug|Any CPU.ActiveCfg = Debug|Any CPU
		{1F04568E-971A-4082-8010-D66E2C1369EC}.Debug|Any CPU.Build.0 = Debug|Any CPU
		{1F04568E-971A-4082-8010-D66E2C1369EC}.Release|Any CPU.ActiveCfg = Release|Any CPU
		{1F04568E-971A-4082-8010-D66E2C1369EC}.Release|Any CPU.Build.0 = Release|Any CPU
		{F49D9836-66C7-49C4-98FF-564239F44101}.Debug|Any CPU.ActiveCfg = Debug|Any CPU
		{F49D9836-66C7-49C4-98FF-564239F44101}.Debug|Any CPU.Build.0 = Debug|Any CPU
		{F49D9836-66C7-49C4-98FF-564239F44101}.Release|Any CPU.ActiveCfg = Release|Any CPU
		{F49D9836-66C7-49C4-98FF-564239F44101}.Release|Any CPU.Build.0 = Release|Any CPU
		{B446982F-8642-43AF-A505-1E94CA8EF07E}.Debug|Any CPU.ActiveCfg = Debug|Any CPU
		{B446982F-8642-43AF-A505-1E94CA8EF07E}.Debug|Any CPU.Build.0 = Debug|Any CPU
		{B446982F-8642-43AF-A505-1E94CA8EF07E}.Release|Any CPU.ActiveCfg = Release|Any CPU
		{B446982F-8642-43AF-A505-1E94CA8EF07E}.Release|Any CPU.Build.0 = Release|Any CPU
		{255D5D23-A04A-4D9F-B86C-39C0F5E46067}.Debug|Any CPU.ActiveCfg = Debug|Any CPU
		{255D5D23-A04A-4D9F-B86C-39C0F5E46067}.Debug|Any CPU.Build.0 = Debug|Any CPU
		{255D5D23-A04A-4D9F-B86C-39C0F5E46067}.Release|Any CPU.ActiveCfg = Release|Any CPU
		{255D5D23-A04A-4D9F-B86C-39C0F5E46067}.Release|Any CPU.Build.0 = Release|Any CPU
		{9FFD87C6-B9A6-4C50-8621-20B1B8180999}.Debug|Any CPU.ActiveCfg = Debug|Any CPU
		{9FFD87C6-B9A6-4C50-8621-20B1B8180999}.Debug|Any CPU.Build.0 = Debug|Any CPU
		{9FFD87C6-B9A6-4C50-8621-20B1B8180999}.Release|Any CPU.ActiveCfg = Release|Any CPU
		{9FFD87C6-B9A6-4C50-8621-20B1B8180999}.Release|Any CPU.Build.0 = Release|Any CPU
		{BF298842-4281-4773-9A78-064EF99D20C7}.Debug|Any CPU.ActiveCfg = Debug|Any CPU
		{BF298842-4281-4773-9A78-064EF99D20C7}.Debug|Any CPU.Build.0 = Debug|Any CPU
		{BF298842-4281-4773-9A78-064EF99D20C7}.Release|Any CPU.ActiveCfg = Release|Any CPU
		{BF298842-4281-4773-9A78-064EF99D20C7}.Release|Any CPU.Build.0 = Release|Any CPU
		{9399139B-5825-48B5-9CCE-599C126972A1}.Debug|Any CPU.ActiveCfg = Debug|Any CPU
		{9399139B-5825-48B5-9CCE-599C126972A1}.Debug|Any CPU.Build.0 = Debug|Any CPU
		{9399139B-5825-48B5-9CCE-599C126972A1}.Release|Any CPU.ActiveCfg = Release|Any CPU
		{9399139B-5825-48B5-9CCE-599C126972A1}.Release|Any CPU.Build.0 = Release|Any CPU
		{6921A68C-F393-4950-B9D2-ADB77E01CACD}.Debug|Any CPU.ActiveCfg = Debug|Any CPU
		{6921A68C-F393-4950-B9D2-ADB77E01CACD}.Debug|Any CPU.Build.0 = Debug|Any CPU
		{6921A68C-F393-4950-B9D2-ADB77E01CACD}.Release|Any CPU.ActiveCfg = Release|Any CPU
		{6921A68C-F393-4950-B9D2-ADB77E01CACD}.Release|Any CPU.Build.0 = Release|Any CPU
	EndGlobalSection
	GlobalSection(SolutionProperties) = preSolution
		HideSolutionNode = FALSE
	EndGlobalSection
	GlobalSection(NestedProjects) = preSolution
		{7F6C8AD8-D9C6-4EA7-91A3-382A666F77B1} = {BFF3AD73-9D92-49B9-8580-4502ABA9E17A}
		{40F2D6E1-DA3E-432A-910F-848C3F97006E} = {7F6C8AD8-D9C6-4EA7-91A3-382A666F77B1}
		{228E3273-3BE1-418A-A45D-DBE168A3B6AD} = {40F2D6E1-DA3E-432A-910F-848C3F97006E}
		{B8505C62-26D3-4CC3-8DE6-EF83C0B0192E} = {F7A7238A-27BD-4ABA-8A74-B71833213E7F}
		{0442C2C5-C08A-4EA3-B6D1-87DC1EABF9D9} = {7F6C8AD8-D9C6-4EA7-91A3-382A666F77B1}
		{4113699B-00BA-441E-9C91-9D3E19CB3619} = {F7A7238A-27BD-4ABA-8A74-B71833213E7F}
		{3C79F28C-F577-457E-9D9C-FE4B5972B8E5} = {F7A7238A-27BD-4ABA-8A74-B71833213E7F}
		{8AC4F1B2-27B7-46A0-8B90-5531A0D2DA40} = {7F6C8AD8-D9C6-4EA7-91A3-382A666F77B1}
		{9311F8DC-8F78-4F6A-A4C4-4DA6AD063B9B} = {8AC4F1B2-27B7-46A0-8B90-5531A0D2DA40}
		{7F4A9B44-04C3-4D88-B3CD-F92FFBF432B1} = {8AC4F1B2-27B7-46A0-8B90-5531A0D2DA40}
		{22C261B2-3FC3-4C1B-9FDD-2343434FE78E} = {F7A7238A-27BD-4ABA-8A74-B71833213E7F}
		{2B35328D-AD1A-4C55-9406-3D29B1253BCC} = {F7A7238A-27BD-4ABA-8A74-B71833213E7F}
		{0C367D49-0708-49DC-B212-29BCB9826177} = {7F6C8AD8-D9C6-4EA7-91A3-382A666F77B1}
		{B00B33CD-3B6C-46C8-A41B-D9FBD211D27E} = {0C367D49-0708-49DC-B212-29BCB9826177}
		{B0C3E257-0C23-4C9F-A5E4-D2BDD6395620} = {F7A7238A-27BD-4ABA-8A74-B71833213E7F}
		{BEEAA13C-9495-41B0-A936-C4C9DFAD5B09} = {0C367D49-0708-49DC-B212-29BCB9826177}
		{E9878478-83BA-4185-AD95-BC02D517DB29} = {7F6C8AD8-D9C6-4EA7-91A3-382A666F77B1}
		{B134A68C-80A6-4635-AC38-3479C6218D2F} = {40F2D6E1-DA3E-432A-910F-848C3F97006E}
		{7589D68D-4C82-4553-BD3A-7C6A51E60997} = {7F6C8AD8-D9C6-4EA7-91A3-382A666F77B1}
		{34C7EA64-4AD8-4235-AAE0-3EE9F5F38D70} = {7589D68D-4C82-4553-BD3A-7C6A51E60997}
		{B68B3764-5212-4F2F-85D0-894447BF9C16} = {F7A7238A-27BD-4ABA-8A74-B71833213E7F}
		{96E85F4A-DE14-4404-8FB4-F62874365A0B} = {F7A7238A-27BD-4ABA-8A74-B71833213E7F}
		{87761419-AE2B-42EF-B321-F2427EA84E42} = {25970E5E-A0A5-404B-9B9C-30E2179AB839}
		{B4025298-FCCC-4C0D-ABE6-688B3B177882} = {64B0D7A6-12EC-49AB-A445-0F57D5BE22B8}
		{664AC8AC-3437-4CD0-B5A6-89559B456A53} = {734B602F-79D7-4190-8CD0-C904CE8D02AB}
		{1FD6A653-FE7E-4316-B28B-5065D072483B} = {734B602F-79D7-4190-8CD0-C904CE8D02AB}
		{194A92EC-93B2-426C-8637-3F600E3354F7} = {734B602F-79D7-4190-8CD0-C904CE8D02AB}
		{EA0D171F-8C03-47F7-8BBE-A864B0E78C18} = {BFF3AD73-9D92-49B9-8580-4502ABA9E17A}
		{F12445AF-DC31-4E64-99E6-3B3AEC1B5EAD} = {EA0D171F-8C03-47F7-8BBE-A864B0E78C18}
		{96CCB5F1-8A9F-45E6-B2FE-C4B754581F24} = {F12445AF-DC31-4E64-99E6-3B3AEC1B5EAD}
		{D7BDE788-7DB8-4684-B3A2-111C28B3DC22} = {F12445AF-DC31-4E64-99E6-3B3AEC1B5EAD}
		{1B61EDF4-B9E2-419B-A647-CCC46A930205} = {EA0D171F-8C03-47F7-8BBE-A864B0E78C18}
		{C0300694-3426-4A39-BB18-D9AFF0D24B8B} = {1B61EDF4-B9E2-419B-A647-CCC46A930205}
		{1F04568E-971A-4082-8010-D66E2C1369EC} = {1B61EDF4-B9E2-419B-A647-CCC46A930205}
		{F49D9836-66C7-49C4-98FF-564239F44101} = {EA0D171F-8C03-47F7-8BBE-A864B0E78C18}
		{53130874-B672-4168-8FE8-72621C45F3F6} = {EA0D171F-8C03-47F7-8BBE-A864B0E78C18}
		{B446982F-8642-43AF-A505-1E94CA8EF07E} = {53130874-B672-4168-8FE8-72621C45F3F6}
		{255D5D23-A04A-4D9F-B86C-39C0F5E46067} = {53130874-B672-4168-8FE8-72621C45F3F6}
		{12C2F8A6-A18B-434F-BA6C-3E9890676D83} = {EA0D171F-8C03-47F7-8BBE-A864B0E78C18}
		{9FFD87C6-B9A6-4C50-8621-20B1B8180999} = {12C2F8A6-A18B-434F-BA6C-3E9890676D83}
		{BF298842-4281-4773-9A78-064EF99D20C7} = {F12445AF-DC31-4E64-99E6-3B3AEC1B5EAD}
		{9399139B-5825-48B5-9CCE-599C126972A1} = {F7A7238A-27BD-4ABA-8A74-B71833213E7F}
		{6921A68C-F393-4950-B9D2-ADB77E01CACD} = {D67F0C4C-9B29-4CE0-809A-B3BE846867CD}
	EndGlobalSection
	GlobalSection(ExtensibilityGlobals) = postSolution
		SolutionGuid = {B430E361-6F75-49F1-B1F7-0E87FD71BF8F}
	EndGlobalSection
EndGlobal
